// !$*UTF8*$!
{
	archiveVersion = 1;
	classes = {
	};
	objectVersion = 51;
	objects = {

/* Begin PBXBuildFile section */
		062704589C10B7D45BF318FB /* Pods_HackDavis2020_Pets.framework in Frameworks */ = {isa = PBXBuildFile; fileRef = 8F5BE2F8A5E26761D2D149DA /* Pods_HackDavis2020_Pets.framework */; };
		211B6C2F23D45DBC0016499D /* MapRepresentable.swift in Sources */ = {isa = PBXBuildFile; fileRef = 211B6C2E23D45DBC0016499D /* MapRepresentable.swift */; };
		211B6C3123D462150016499D /* BlurRepresentable.swift in Sources */ = {isa = PBXBuildFile; fileRef = 211B6C3023D462150016499D /* BlurRepresentable.swift */; };
		211B6C3323D469BC0016499D /* doggie-bg.json in Resources */ = {isa = PBXBuildFile; fileRef = 211B6C3223D469BC0016499D /* doggie-bg.json */; };
		211B6C3723D471D60016499D /* gradient-animated.json in Resources */ = {isa = PBXBuildFile; fileRef = 211B6C3423D471D60016499D /* gradient-animated.json */; };
		211B6C3823D471D60016499D /* blue-waves.json in Resources */ = {isa = PBXBuildFile; fileRef = 211B6C3523D471D60016499D /* blue-waves.json */; };
		211B6C3923D471D60016499D /* notification.json in Resources */ = {isa = PBXBuildFile; fileRef = 211B6C3623D471D60016499D /* notification.json */; };
		211B6C3E23D475120016499D /* DogCardView.swift in Sources */ = {isa = PBXBuildFile; fileRef = 211B6C3A23D475120016499D /* DogCardView.swift */; };
		211B6C3F23D475120016499D /* DogInfo.swift in Sources */ = {isa = PBXBuildFile; fileRef = 211B6C3B23D475120016499D /* DogInfo.swift */; };
		211B6C4023D475120016499D /* AdoptionView.swift in Sources */ = {isa = PBXBuildFile; fileRef = 211B6C3C23D475120016499D /* AdoptionView.swift */; };
		211B6C4123D475120016499D /* DogDetailView.swift in Sources */ = {isa = PBXBuildFile; fileRef = 211B6C3D23D475120016499D /* DogDetailView.swift */; };
		21ABB45D23D3980B00BDAA45 /* AppDelegate.swift in Sources */ = {isa = PBXBuildFile; fileRef = 21ABB45C23D3980B00BDAA45 /* AppDelegate.swift */; };
		21ABB45F23D3980B00BDAA45 /* SceneDelegate.swift in Sources */ = {isa = PBXBuildFile; fileRef = 21ABB45E23D3980B00BDAA45 /* SceneDelegate.swift */; };
		21ABB46223D3980B00BDAA45 /* HackDavis2020_Pets.xcdatamodeld in Sources */ = {isa = PBXBuildFile; fileRef = 21ABB46023D3980B00BDAA45 /* HackDavis2020_Pets.xcdatamodeld */; };
		21ABB46423D3980B00BDAA45 /* ContentView.swift in Sources */ = {isa = PBXBuildFile; fileRef = 21ABB46323D3980B00BDAA45 /* ContentView.swift */; };
		21ABB46623D3980F00BDAA45 /* Assets.xcassets in Resources */ = {isa = PBXBuildFile; fileRef = 21ABB46523D3980F00BDAA45 /* Assets.xcassets */; };
		21ABB46923D3980F00BDAA45 /* Preview Assets.xcassets in Resources */ = {isa = PBXBuildFile; fileRef = 21ABB46823D3980F00BDAA45 /* Preview Assets.xcassets */; };
		21ABB46C23D3980F00BDAA45 /* LaunchScreen.storyboard in Resources */ = {isa = PBXBuildFile; fileRef = 21ABB46A23D3980F00BDAA45 /* LaunchScreen.storyboard */; };
		21ABB47523D39B9A00BDAA45 /* LogInView.swift in Sources */ = {isa = PBXBuildFile; fileRef = 21ABB47423D39B9A00BDAA45 /* LogInView.swift */; };
		21ABB47723D3B61700BDAA45 /* Extension.swift in Sources */ = {isa = PBXBuildFile; fileRef = 21ABB47623D3B61700BDAA45 /* Extension.swift */; };
		21ABB47923D3C2A000BDAA45 /* Utilities.swift in Sources */ = {isa = PBXBuildFile; fileRef = 21ABB47823D3C2A000BDAA45 /* Utilities.swift */; };
		21ABB47B23D3C86500BDAA45 /* UnderMenu.swift in Sources */ = {isa = PBXBuildFile; fileRef = 21ABB47A23D3C86500BDAA45 /* UnderMenu.swift */; };
		21ABB47D23D3C89F00BDAA45 /* MenuView.swift in Sources */ = {isa = PBXBuildFile; fileRef = 21ABB47C23D3C89F00BDAA45 /* MenuView.swift */; };
		21ABB47F23D3EBBA00BDAA45 /* Auth.swift in Sources */ = {isa = PBXBuildFile; fileRef = 21ABB47E23D3EBBA00BDAA45 /* Auth.swift */; };
		21ABB48123D3F1AB00BDAA45 /* GoogleService-Info.plist in Resources */ = {isa = PBXBuildFile; fileRef = 21ABB48023D3F1AB00BDAA45 /* GoogleService-Info.plist */; };
		21ABB48323D3FB3600BDAA45 /* GlobalControl.swift in Sources */ = {isa = PBXBuildFile; fileRef = 21ABB48223D3FB3600BDAA45 /* GlobalControl.swift */; };
		21ABB48523D3FD3100BDAA45 /* ErrorView.swift in Sources */ = {isa = PBXBuildFile; fileRef = 21ABB48423D3FD3100BDAA45 /* ErrorView.swift */; };
		21ABB48723D4108500BDAA45 /* Modifiers.swift in Sources */ = {isa = PBXBuildFile; fileRef = 21ABB48623D4108500BDAA45 /* Modifiers.swift */; };
		21ABB48923D413EC00BDAA45 /* ChatController.swift in Sources */ = {isa = PBXBuildFile; fileRef = 21ABB48823D413EC00BDAA45 /* ChatController.swift */; };
		21ABB48B23D4145D00BDAA45 /* ChatView.swift in Sources */ = {isa = PBXBuildFile; fileRef = 21ABB48A23D4145D00BDAA45 /* ChatView.swift */; };
		21ABB48F23D416AF00BDAA45 /* Chats.swift in Sources */ = {isa = PBXBuildFile; fileRef = 21ABB48E23D416AF00BDAA45 /* Chats.swift */; };
		21ABB49423D42CBA00BDAA45 /* dog-loading.json in Resources */ = {isa = PBXBuildFile; fileRef = 21ABB49323D42CBA00BDAA45 /* dog-loading.json */; };
		21ABB49723D42D3F00BDAA45 /* LottieRepresentable.swift in Sources */ = {isa = PBXBuildFile; fileRef = 21ABB49623D42D3F00BDAA45 /* LottieRepresentable.swift */; };
		21ABB49923D4465500BDAA45 /* ReportView.swift in Sources */ = {isa = PBXBuildFile; fileRef = 21ABB49823D4465500BDAA45 /* ReportView.swift */; };
/* End PBXBuildFile section */

/* Begin PBXFileReference section */
		211B6C2E23D45DBC0016499D /* MapRepresentable.swift */ = {isa = PBXFileReference; lastKnownFileType = sourcecode.swift; path = MapRepresentable.swift; sourceTree = "<group>"; };
		211B6C3023D462150016499D /* BlurRepresentable.swift */ = {isa = PBXFileReference; lastKnownFileType = sourcecode.swift; path = BlurRepresentable.swift; sourceTree = "<group>"; };
		211B6C3223D469BC0016499D /* doggie-bg.json */ = {isa = PBXFileReference; fileEncoding = 4; lastKnownFileType = text.json; path = "doggie-bg.json"; sourceTree = "<group>"; };
		211B6C3423D471D60016499D /* gradient-animated.json */ = {isa = PBXFileReference; fileEncoding = 4; lastKnownFileType = text.json; path = "gradient-animated.json"; sourceTree = "<group>"; };
		211B6C3523D471D60016499D /* blue-waves.json */ = {isa = PBXFileReference; fileEncoding = 4; lastKnownFileType = text.json; path = "blue-waves.json"; sourceTree = "<group>"; };
		211B6C3623D471D60016499D /* notification.json */ = {isa = PBXFileReference; fileEncoding = 4; lastKnownFileType = text.json; path = notification.json; sourceTree = "<group>"; };
		211B6C3A23D475120016499D /* DogCardView.swift */ = {isa = PBXFileReference; fileEncoding = 4; lastKnownFileType = sourcecode.swift; name = DogCardView.swift; path = "HackDavis2020-Pets/DogCardView.swift"; sourceTree = SOURCE_ROOT; };
		211B6C3B23D475120016499D /* DogInfo.swift */ = {isa = PBXFileReference; fileEncoding = 4; lastKnownFileType = sourcecode.swift; name = DogInfo.swift; path = "HackDavis2020-Pets/Models/DogInfo.swift"; sourceTree = SOURCE_ROOT; };
		211B6C3C23D475120016499D /* AdoptionView.swift */ = {isa = PBXFileReference; fileEncoding = 4; lastKnownFileType = sourcecode.swift; name = AdoptionView.swift; path = "HackDavis2020-Pets/AdoptionView.swift"; sourceTree = SOURCE_ROOT; };
		211B6C3D23D475120016499D /* DogDetailView.swift */ = {isa = PBXFileReference; fileEncoding = 4; lastKnownFileType = sourcecode.swift; name = DogDetailView.swift; path = "HackDavis2020-Pets/DogDetailView.swift"; sourceTree = SOURCE_ROOT; };
		21ABB45923D3980B00BDAA45 /* HackDavis2020-Pets.app */ = {isa = PBXFileReference; explicitFileType = wrapper.application; includeInIndex = 0; path = "HackDavis2020-Pets.app"; sourceTree = BUILT_PRODUCTS_DIR; };
		21ABB45C23D3980B00BDAA45 /* AppDelegate.swift */ = {isa = PBXFileReference; lastKnownFileType = sourcecode.swift; path = AppDelegate.swift; sourceTree = "<group>"; };
		21ABB45E23D3980B00BDAA45 /* SceneDelegate.swift */ = {isa = PBXFileReference; lastKnownFileType = sourcecode.swift; path = SceneDelegate.swift; sourceTree = "<group>"; };
		21ABB46123D3980B00BDAA45 /* HackDavis2020_Pets.xcdatamodel */ = {isa = PBXFileReference; lastKnownFileType = wrapper.xcdatamodel; path = HackDavis2020_Pets.xcdatamodel; sourceTree = "<group>"; };
		21ABB46323D3980B00BDAA45 /* ContentView.swift */ = {isa = PBXFileReference; lastKnownFileType = sourcecode.swift; path = ContentView.swift; sourceTree = "<group>"; };
		21ABB46523D3980F00BDAA45 /* Assets.xcassets */ = {isa = PBXFileReference; lastKnownFileType = folder.assetcatalog; path = Assets.xcassets; sourceTree = "<group>"; };
		21ABB46823D3980F00BDAA45 /* Preview Assets.xcassets */ = {isa = PBXFileReference; lastKnownFileType = folder.assetcatalog; path = "Preview Assets.xcassets"; sourceTree = "<group>"; };
		21ABB46B23D3980F00BDAA45 /* Base */ = {isa = PBXFileReference; lastKnownFileType = file.storyboard; name = Base; path = Base.lproj/LaunchScreen.storyboard; sourceTree = "<group>"; };
		21ABB46D23D3980F00BDAA45 /* Info.plist */ = {isa = PBXFileReference; lastKnownFileType = text.plist.xml; path = Info.plist; sourceTree = "<group>"; };
		21ABB47423D39B9A00BDAA45 /* LogInView.swift */ = {isa = PBXFileReference; lastKnownFileType = sourcecode.swift; path = LogInView.swift; sourceTree = "<group>"; };
		21ABB47623D3B61700BDAA45 /* Extension.swift */ = {isa = PBXFileReference; lastKnownFileType = sourcecode.swift; path = Extension.swift; sourceTree = "<group>"; };
		21ABB47823D3C2A000BDAA45 /* Utilities.swift */ = {isa = PBXFileReference; lastKnownFileType = sourcecode.swift; path = Utilities.swift; sourceTree = "<group>"; };
		21ABB47A23D3C86500BDAA45 /* UnderMenu.swift */ = {isa = PBXFileReference; lastKnownFileType = sourcecode.swift; path = UnderMenu.swift; sourceTree = "<group>"; };
		21ABB47C23D3C89F00BDAA45 /* MenuView.swift */ = {isa = PBXFileReference; lastKnownFileType = sourcecode.swift; path = MenuView.swift; sourceTree = "<group>"; };
		21ABB47E23D3EBBA00BDAA45 /* Auth.swift */ = {isa = PBXFileReference; lastKnownFileType = sourcecode.swift; path = Auth.swift; sourceTree = "<group>"; };
		21ABB48023D3F1AB00BDAA45 /* GoogleService-Info.plist */ = {isa = PBXFileReference; fileEncoding = 4; lastKnownFileType = text.plist.xml; path = "GoogleService-Info.plist"; sourceTree = "<group>"; };
		21ABB48223D3FB3600BDAA45 /* GlobalControl.swift */ = {isa = PBXFileReference; lastKnownFileType = sourcecode.swift; path = GlobalControl.swift; sourceTree = "<group>"; };
		21ABB48423D3FD3100BDAA45 /* ErrorView.swift */ = {isa = PBXFileReference; lastKnownFileType = sourcecode.swift; path = ErrorView.swift; sourceTree = "<group>"; };
		21ABB48623D4108500BDAA45 /* Modifiers.swift */ = {isa = PBXFileReference; lastKnownFileType = sourcecode.swift; path = Modifiers.swift; sourceTree = "<group>"; };
		21ABB48823D413EC00BDAA45 /* ChatController.swift */ = {isa = PBXFileReference; fileEncoding = 4; lastKnownFileType = sourcecode.swift; path = ChatController.swift; sourceTree = "<group>"; };
		21ABB48A23D4145D00BDAA45 /* ChatView.swift */ = {isa = PBXFileReference; lastKnownFileType = sourcecode.swift; path = ChatView.swift; sourceTree = "<group>"; };
		21ABB48E23D416AF00BDAA45 /* Chats.swift */ = {isa = PBXFileReference; lastKnownFileType = sourcecode.swift; path = Chats.swift; sourceTree = "<group>"; };
		21ABB49323D42CBA00BDAA45 /* dog-loading.json */ = {isa = PBXFileReference; fileEncoding = 4; lastKnownFileType = text.json; path = "dog-loading.json"; sourceTree = "<group>"; };
		21ABB49623D42D3F00BDAA45 /* LottieRepresentable.swift */ = {isa = PBXFileReference; lastKnownFileType = sourcecode.swift; path = LottieRepresentable.swift; sourceTree = "<group>"; };
		21ABB49823D4465500BDAA45 /* ReportView.swift */ = {isa = PBXFileReference; lastKnownFileType = sourcecode.swift; path = ReportView.swift; sourceTree = "<group>"; };
		4C03C45A6A216E2C79BAFBB3 /* Pods-HackDavis2020-Pets.debug.xcconfig */ = {isa = PBXFileReference; includeInIndex = 1; lastKnownFileType = text.xcconfig; name = "Pods-HackDavis2020-Pets.debug.xcconfig"; path = "Target Support Files/Pods-HackDavis2020-Pets/Pods-HackDavis2020-Pets.debug.xcconfig"; sourceTree = "<group>"; };
		8F5BE2F8A5E26761D2D149DA /* Pods_HackDavis2020_Pets.framework */ = {isa = PBXFileReference; explicitFileType = wrapper.framework; includeInIndex = 0; path = Pods_HackDavis2020_Pets.framework; sourceTree = BUILT_PRODUCTS_DIR; };
		ACF2590A77FF3D4202291C09 /* Pods-HackDavis2020-Pets.release.xcconfig */ = {isa = PBXFileReference; includeInIndex = 1; lastKnownFileType = text.xcconfig; name = "Pods-HackDavis2020-Pets.release.xcconfig"; path = "Target Support Files/Pods-HackDavis2020-Pets/Pods-HackDavis2020-Pets.release.xcconfig"; sourceTree = "<group>"; };
/* End PBXFileReference section */

/* Begin PBXFrameworksBuildPhase section */
		21ABB45623D3980B00BDAA45 /* Frameworks */ = {
			isa = PBXFrameworksBuildPhase;
			buildActionMask = 2147483647;
			files = (
				062704589C10B7D45BF318FB /* Pods_HackDavis2020_Pets.framework in Frameworks */,
			);
			runOnlyForDeploymentPostprocessing = 0;
		};
/* End PBXFrameworksBuildPhase section */

/* Begin PBXGroup section */
		10149F84F86CF89B59ADC68F /* Frameworks */ = {
			isa = PBXGroup;
			children = (
				8F5BE2F8A5E26761D2D149DA /* Pods_HackDavis2020_Pets.framework */,
			);
			name = Frameworks;
			sourceTree = "<group>";
		};
		21ABB45023D3980B00BDAA45 = {
			isa = PBXGroup;
			children = (
				21ABB45B23D3980B00BDAA45 /* HackDavis2020-Pets */,
				21ABB45A23D3980B00BDAA45 /* Products */,
				E4B5AEDADE6D0161D8355539 /* Pods */,
				10149F84F86CF89B59ADC68F /* Frameworks */,
			);
			sourceTree = "<group>";
		};
		21ABB45A23D3980B00BDAA45 /* Products */ = {
			isa = PBXGroup;
			children = (
				21ABB45923D3980B00BDAA45 /* HackDavis2020-Pets.app */,
			);
			name = Products;
			sourceTree = "<group>";
		};
		21ABB45B23D3980B00BDAA45 /* HackDavis2020-Pets */ = {
			isa = PBXGroup;
			children = (
				21ABB45C23D3980B00BDAA45 /* AppDelegate.swift */,
				21ABB45E23D3980B00BDAA45 /* SceneDelegate.swift */,
				21ABB47623D3B61700BDAA45 /* Extension.swift */,
				21ABB47823D3C2A000BDAA45 /* Utilities.swift */,
				21ABB47E23D3EBBA00BDAA45 /* Auth.swift */,
				21ABB48223D3FB3600BDAA45 /* GlobalControl.swift */,
				21ABB48623D4108500BDAA45 /* Modifiers.swift */,
				21ABB46323D3980B00BDAA45 /* ContentView.swift */,
				21ABB49523D42D1D00BDAA45 /* ViewRepresentable */,
				21ABB47323D39B4A00BDAA45 /* Views */,
				21ABB48D23D4169300BDAA45 /* Models */,
				21ABB48C23D4146800BDAA45 /* Controllers */,
				21ABB49223D42C9C00BDAA45 /* Files */,
				21ABB46523D3980F00BDAA45 /* Assets.xcassets */,
				21ABB46A23D3980F00BDAA45 /* LaunchScreen.storyboard */,
				21ABB46D23D3980F00BDAA45 /* Info.plist */,
				21ABB46023D3980B00BDAA45 /* HackDavis2020_Pets.xcdatamodeld */,
				21ABB48023D3F1AB00BDAA45 /* GoogleService-Info.plist */,
				21ABB46723D3980F00BDAA45 /* Preview Content */,
			);
			path = "HackDavis2020-Pets";
			sourceTree = "<group>";
		};
		21ABB46723D3980F00BDAA45 /* Preview Content */ = {
			isa = PBXGroup;
			children = (
				21ABB46823D3980F00BDAA45 /* Preview Assets.xcassets */,
			);
			path = "Preview Content";
			sourceTree = "<group>";
		};
		21ABB47323D39B4A00BDAA45 /* Views */ = {
			isa = PBXGroup;
			children = (
				211B6C3C23D475120016499D /* AdoptionView.swift */,
				211B6C3A23D475120016499D /* DogCardView.swift */,
				211B6C3D23D475120016499D /* DogDetailView.swift */,
				21ABB47423D39B9A00BDAA45 /* LogInView.swift */,
				21ABB47A23D3C86500BDAA45 /* UnderMenu.swift */,
				21ABB47C23D3C89F00BDAA45 /* MenuView.swift */,
				21ABB48423D3FD3100BDAA45 /* ErrorView.swift */,
				21ABB48A23D4145D00BDAA45 /* ChatView.swift */,
				21ABB49823D4465500BDAA45 /* ReportView.swift */,
			);
			path = Views;
			sourceTree = "<group>";
		};
		21ABB48C23D4146800BDAA45 /* Controllers */ = {
			isa = PBXGroup;
			children = (
				21ABB48823D413EC00BDAA45 /* ChatController.swift */,
			);
			path = Controllers;
			sourceTree = "<group>";
		};
		21ABB48D23D4169300BDAA45 /* Models */ = {
			isa = PBXGroup;
			children = (
				211B6C3B23D475120016499D /* DogInfo.swift */,
				21ABB48E23D416AF00BDAA45 /* Chats.swift */,
			);
			path = Models;
			sourceTree = "<group>";
		};
		21ABB49223D42C9C00BDAA45 /* Files */ = {
			isa = PBXGroup;
			children = (
				211B6C3523D471D60016499D /* blue-waves.json */,
				211B6C3423D471D60016499D /* gradient-animated.json */,
				211B6C3623D471D60016499D /* notification.json */,
				211B6C3223D469BC0016499D /* doggie-bg.json */,
				21ABB49323D42CBA00BDAA45 /* dog-loading.json */,
			);
			path = Files;
			sourceTree = "<group>";
		};
		21ABB49523D42D1D00BDAA45 /* ViewRepresentable */ = {
			isa = PBXGroup;
			children = (
				21ABB49623D42D3F00BDAA45 /* LottieRepresentable.swift */,
				211B6C2E23D45DBC0016499D /* MapRepresentable.swift */,
				211B6C3023D462150016499D /* BlurRepresentable.swift */,
			);
			path = ViewRepresentable;
			sourceTree = "<group>";
		};
		E4B5AEDADE6D0161D8355539 /* Pods */ = {
			isa = PBXGroup;
			children = (
				4C03C45A6A216E2C79BAFBB3 /* Pods-HackDavis2020-Pets.debug.xcconfig */,
				ACF2590A77FF3D4202291C09 /* Pods-HackDavis2020-Pets.release.xcconfig */,
			);
			path = Pods;
			sourceTree = "<group>";
		};
/* End PBXGroup section */

/* Begin PBXNativeTarget section */
		21ABB45823D3980B00BDAA45 /* HackDavis2020-Pets */ = {
			isa = PBXNativeTarget;
			buildConfigurationList = 21ABB47023D3980F00BDAA45 /* Build configuration list for PBXNativeTarget "HackDavis2020-Pets" */;
			buildPhases = (
				4CC588443715B1D7EE0036E1 /* [CP] Check Pods Manifest.lock */,
				21ABB45523D3980B00BDAA45 /* Sources */,
				21ABB45623D3980B00BDAA45 /* Frameworks */,
				21ABB45723D3980B00BDAA45 /* Resources */,
				7E96D106753B97A29BF84EA8 /* [CP] Embed Pods Frameworks */,
			);
			buildRules = (
			);
			dependencies = (
			);
			name = "HackDavis2020-Pets";
			productName = "HackDavis2020-Pets";
			productReference = 21ABB45923D3980B00BDAA45 /* HackDavis2020-Pets.app */;
			productType = "com.apple.product-type.application";
		};
/* End PBXNativeTarget section */

/* Begin PBXProject section */
		21ABB45123D3980B00BDAA45 /* Project object */ = {
			isa = PBXProject;
			attributes = {
				LastSwiftUpdateCheck = 1130;
				LastUpgradeCheck = 1130;
				ORGANIZATIONNAME = iDEX;
				TargetAttributes = {
					21ABB45823D3980B00BDAA45 = {
						CreatedOnToolsVersion = 11.3.1;
					};
				};
			};
			buildConfigurationList = 21ABB45423D3980B00BDAA45 /* Build configuration list for PBXProject "HackDavis2020-Pets" */;
			compatibilityVersion = "Xcode 9.3";
			developmentRegion = en;
			hasScannedForEncodings = 0;
			knownRegions = (
				en,
				Base,
			);
			mainGroup = 21ABB45023D3980B00BDAA45;
			productRefGroup = 21ABB45A23D3980B00BDAA45 /* Products */;
			projectDirPath = "";
			projectRoot = "";
			targets = (
				21ABB45823D3980B00BDAA45 /* HackDavis2020-Pets */,
			);
		};
/* End PBXProject section */

/* Begin PBXResourcesBuildPhase section */
		21ABB45723D3980B00BDAA45 /* Resources */ = {
			isa = PBXResourcesBuildPhase;
			buildActionMask = 2147483647;
			files = (
				21ABB46C23D3980F00BDAA45 /* LaunchScreen.storyboard in Resources */,
				21ABB48123D3F1AB00BDAA45 /* GoogleService-Info.plist in Resources */,
				211B6C3823D471D60016499D /* blue-waves.json in Resources */,
				21ABB46923D3980F00BDAA45 /* Preview Assets.xcassets in Resources */,
				211B6C3323D469BC0016499D /* doggie-bg.json in Resources */,
				21ABB46623D3980F00BDAA45 /* Assets.xcassets in Resources */,
				21ABB49423D42CBA00BDAA45 /* dog-loading.json in Resources */,
				211B6C3723D471D60016499D /* gradient-animated.json in Resources */,
				211B6C3923D471D60016499D /* notification.json in Resources */,
			);
			runOnlyForDeploymentPostprocessing = 0;
		};
/* End PBXResourcesBuildPhase section */

/* Begin PBXShellScriptBuildPhase section */
		4CC588443715B1D7EE0036E1 /* [CP] Check Pods Manifest.lock */ = {
			isa = PBXShellScriptBuildPhase;
			buildActionMask = 2147483647;
			files = (
			);
			inputFileListPaths = (
			);
			inputPaths = (
				"${PODS_PODFILE_DIR_PATH}/Podfile.lock",
				"${PODS_ROOT}/Manifest.lock",
			);
			name = "[CP] Check Pods Manifest.lock";
			outputFileListPaths = (
			);
			outputPaths = (
				"$(DERIVED_FILE_DIR)/Pods-HackDavis2020-Pets-checkManifestLockResult.txt",
			);
			runOnlyForDeploymentPostprocessing = 0;
			shellPath = /bin/sh;
			shellScript = "diff \"${PODS_PODFILE_DIR_PATH}/Podfile.lock\" \"${PODS_ROOT}/Manifest.lock\" > /dev/null\nif [ $? != 0 ] ; then\n    # print error to STDERR\n    echo \"error: The sandbox is not in sync with the Podfile.lock. Run 'pod install' or update your CocoaPods installation.\" >&2\n    exit 1\nfi\n# This output is used by Xcode 'outputs' to avoid re-running this script phase.\necho \"SUCCESS\" > \"${SCRIPT_OUTPUT_FILE_0}\"\n";
			showEnvVarsInLog = 0;
		};
		7E96D106753B97A29BF84EA8 /* [CP] Embed Pods Frameworks */ = {
			isa = PBXShellScriptBuildPhase;
			buildActionMask = 2147483647;
			files = (
			);
			inputFileListPaths = (
				"${PODS_ROOT}/Target Support Files/Pods-HackDavis2020-Pets/Pods-HackDavis2020-Pets-frameworks-${CONFIGURATION}-input-files.xcfilelist",
			);
			name = "[CP] Embed Pods Frameworks";
			outputFileListPaths = (
				"${PODS_ROOT}/Target Support Files/Pods-HackDavis2020-Pets/Pods-HackDavis2020-Pets-frameworks-${CONFIGURATION}-output-files.xcfilelist",
			);
			runOnlyForDeploymentPostprocessing = 0;
			shellPath = /bin/sh;
			shellScript = "\"${PODS_ROOT}/Target Support Files/Pods-HackDavis2020-Pets/Pods-HackDavis2020-Pets-frameworks.sh\"\n";
			showEnvVarsInLog = 0;
		};
/* End PBXShellScriptBuildPhase section */

/* Begin PBXSourcesBuildPhase section */
		21ABB45523D3980B00BDAA45 /* Sources */ = {
			isa = PBXSourcesBuildPhase;
			buildActionMask = 2147483647;
			files = (
				21ABB47523D39B9A00BDAA45 /* LogInView.swift in Sources */,
				21ABB45D23D3980B00BDAA45 /* AppDelegate.swift in Sources */,
				21ABB47923D3C2A000BDAA45 /* Utilities.swift in Sources */,
				21ABB49723D42D3F00BDAA45 /* LottieRepresentable.swift in Sources */,
				211B6C3F23D475120016499D /* DogInfo.swift in Sources */,
				21ABB45F23D3980B00BDAA45 /* SceneDelegate.swift in Sources */,
				21ABB47D23D3C89F00BDAA45 /* MenuView.swift in Sources */,
				21ABB48323D3FB3600BDAA45 /* GlobalControl.swift in Sources */,
				21ABB47F23D3EBBA00BDAA45 /* Auth.swift in Sources */,
				21ABB48B23D4145D00BDAA45 /* ChatView.swift in Sources */,
				21ABB48523D3FD3100BDAA45 /* ErrorView.swift in Sources */,
				21ABB48F23D416AF00BDAA45 /* Chats.swift in Sources */,
				211B6C4023D475120016499D /* AdoptionView.swift in Sources */,
				21ABB47723D3B61700BDAA45 /* Extension.swift in Sources */,
				21ABB48923D413EC00BDAA45 /* ChatController.swift in Sources */,
				21ABB47B23D3C86500BDAA45 /* UnderMenu.swift in Sources */,
				21ABB49923D4465500BDAA45 /* ReportView.swift in Sources */,
				211B6C3123D462150016499D /* BlurRepresentable.swift in Sources */,
				211B6C3E23D475120016499D /* DogCardView.swift in Sources */,
				211B6C2F23D45DBC0016499D /* MapRepresentable.swift in Sources */,
				21ABB46423D3980B00BDAA45 /* ContentView.swift in Sources */,
				21ABB46223D3980B00BDAA45 /* HackDavis2020_Pets.xcdatamodeld in Sources */,
				211B6C4123D475120016499D /* DogDetailView.swift in Sources */,
				21ABB48723D4108500BDAA45 /* Modifiers.swift in Sources */,
			);
			runOnlyForDeploymentPostprocessing = 0;
		};
/* End PBXSourcesBuildPhase section */

/* Begin PBXVariantGroup section */
		21ABB46A23D3980F00BDAA45 /* LaunchScreen.storyboard */ = {
			isa = PBXVariantGroup;
			children = (
				21ABB46B23D3980F00BDAA45 /* Base */,
			);
			name = LaunchScreen.storyboard;
			sourceTree = "<group>";
		};
/* End PBXVariantGroup section */

/* Begin XCBuildConfiguration section */
		21ABB46E23D3980F00BDAA45 /* Debug */ = {
			isa = XCBuildConfiguration;
			buildSettings = {
				ALWAYS_SEARCH_USER_PATHS = NO;
				CLANG_ANALYZER_NONNULL = YES;
				CLANG_ANALYZER_NUMBER_OBJECT_CONVERSION = YES_AGGRESSIVE;
				CLANG_CXX_LANGUAGE_STANDARD = "gnu++14";
				CLANG_CXX_LIBRARY = "libc++";
				CLANG_ENABLE_MODULES = YES;
				CLANG_ENABLE_OBJC_ARC = YES;
				CLANG_ENABLE_OBJC_WEAK = YES;
				CLANG_WARN_BLOCK_CAPTURE_AUTORELEASING = YES;
				CLANG_WARN_BOOL_CONVERSION = YES;
				CLANG_WARN_COMMA = YES;
				CLANG_WARN_CONSTANT_CONVERSION = YES;
				CLANG_WARN_DEPRECATED_OBJC_IMPLEMENTATIONS = YES;
				CLANG_WARN_DIRECT_OBJC_ISA_USAGE = YES_ERROR;
				CLANG_WARN_DOCUMENTATION_COMMENTS = YES;
				CLANG_WARN_EMPTY_BODY = YES;
				CLANG_WARN_ENUM_CONVERSION = YES;
				CLANG_WARN_INFINITE_RECURSION = YES;
				CLANG_WARN_INT_CONVERSION = YES;
				CLANG_WARN_NON_LITERAL_NULL_CONVERSION = YES;
				CLANG_WARN_OBJC_IMPLICIT_RETAIN_SELF = YES;
				CLANG_WARN_OBJC_LITERAL_CONVERSION = YES;
				CLANG_WARN_OBJC_ROOT_CLASS = YES_ERROR;
				CLANG_WARN_RANGE_LOOP_ANALYSIS = YES;
				CLANG_WARN_STRICT_PROTOTYPES = YES;
				CLANG_WARN_SUSPICIOUS_MOVE = YES;
				CLANG_WARN_UNGUARDED_AVAILABILITY = YES_AGGRESSIVE;
				CLANG_WARN_UNREACHABLE_CODE = YES;
				CLANG_WARN__DUPLICATE_METHOD_MATCH = YES;
				COPY_PHASE_STRIP = NO;
				DEBUG_INFORMATION_FORMAT = dwarf;
				ENABLE_STRICT_OBJC_MSGSEND = YES;
				ENABLE_TESTABILITY = YES;
				GCC_C_LANGUAGE_STANDARD = gnu11;
				GCC_DYNAMIC_NO_PIC = NO;
				GCC_NO_COMMON_BLOCKS = YES;
				GCC_OPTIMIZATION_LEVEL = 0;
				GCC_PREPROCESSOR_DEFINITIONS = (
					"DEBUG=1",
					"$(inherited)",
				);
				GCC_WARN_64_TO_32_BIT_CONVERSION = YES;
				GCC_WARN_ABOUT_RETURN_TYPE = YES_ERROR;
				GCC_WARN_UNDECLARED_SELECTOR = YES;
				GCC_WARN_UNINITIALIZED_AUTOS = YES_AGGRESSIVE;
				GCC_WARN_UNUSED_FUNCTION = YES;
				GCC_WARN_UNUSED_VARIABLE = YES;
				IPHONEOS_DEPLOYMENT_TARGET = 13.2;
				MTL_ENABLE_DEBUG_INFO = INCLUDE_SOURCE;
				MTL_FAST_MATH = YES;
				ONLY_ACTIVE_ARCH = YES;
				SDKROOT = iphoneos;
				SWIFT_ACTIVE_COMPILATION_CONDITIONS = DEBUG;
				SWIFT_OPTIMIZATION_LEVEL = "-Onone";
			};
			name = Debug;
		};
		21ABB46F23D3980F00BDAA45 /* Release */ = {
			isa = XCBuildConfiguration;
			buildSettings = {
				ALWAYS_SEARCH_USER_PATHS = NO;
				CLANG_ANALYZER_NONNULL = YES;
				CLANG_ANALYZER_NUMBER_OBJECT_CONVERSION = YES_AGGRESSIVE;
				CLANG_CXX_LANGUAGE_STANDARD = "gnu++14";
				CLANG_CXX_LIBRARY = "libc++";
				CLANG_ENABLE_MODULES = YES;
				CLANG_ENABLE_OBJC_ARC = YES;
				CLANG_ENABLE_OBJC_WEAK = YES;
				CLANG_WARN_BLOCK_CAPTURE_AUTORELEASING = YES;
				CLANG_WARN_BOOL_CONVERSION = YES;
				CLANG_WARN_COMMA = YES;
				CLANG_WARN_CONSTANT_CONVERSION = YES;
				CLANG_WARN_DEPRECATED_OBJC_IMPLEMENTATIONS = YES;
				CLANG_WARN_DIRECT_OBJC_ISA_USAGE = YES_ERROR;
				CLANG_WARN_DOCUMENTATION_COMMENTS = YES;
				CLANG_WARN_EMPTY_BODY = YES;
				CLANG_WARN_ENUM_CONVERSION = YES;
				CLANG_WARN_INFINITE_RECURSION = YES;
				CLANG_WARN_INT_CONVERSION = YES;
				CLANG_WARN_NON_LITERAL_NULL_CONVERSION = YES;
				CLANG_WARN_OBJC_IMPLICIT_RETAIN_SELF = YES;
				CLANG_WARN_OBJC_LITERAL_CONVERSION = YES;
				CLANG_WARN_OBJC_ROOT_CLASS = YES_ERROR;
				CLANG_WARN_RANGE_LOOP_ANALYSIS = YES;
				CLANG_WARN_STRICT_PROTOTYPES = YES;
				CLANG_WARN_SUSPICIOUS_MOVE = YES;
				CLANG_WARN_UNGUARDED_AVAILABILITY = YES_AGGRESSIVE;
				CLANG_WARN_UNREACHABLE_CODE = YES;
				CLANG_WARN__DUPLICATE_METHOD_MATCH = YES;
				COPY_PHASE_STRIP = NO;
				DEBUG_INFORMATION_FORMAT = "dwarf-with-dsym";
				ENABLE_NS_ASSERTIONS = NO;
				ENABLE_STRICT_OBJC_MSGSEND = YES;
				GCC_C_LANGUAGE_STANDARD = gnu11;
				GCC_NO_COMMON_BLOCKS = YES;
				GCC_WARN_64_TO_32_BIT_CONVERSION = YES;
				GCC_WARN_ABOUT_RETURN_TYPE = YES_ERROR;
				GCC_WARN_UNDECLARED_SELECTOR = YES;
				GCC_WARN_UNINITIALIZED_AUTOS = YES_AGGRESSIVE;
				GCC_WARN_UNUSED_FUNCTION = YES;
				GCC_WARN_UNUSED_VARIABLE = YES;
				IPHONEOS_DEPLOYMENT_TARGET = 13.2;
				MTL_ENABLE_DEBUG_INFO = NO;
				MTL_FAST_MATH = YES;
				SDKROOT = iphoneos;
				SWIFT_COMPILATION_MODE = wholemodule;
				SWIFT_OPTIMIZATION_LEVEL = "-O";
				VALIDATE_PRODUCT = YES;
			};
			name = Release;
		};
		21ABB47123D3980F00BDAA45 /* Debug */ = {
			isa = XCBuildConfiguration;
			baseConfigurationReference = 4C03C45A6A216E2C79BAFBB3 /* Pods-HackDavis2020-Pets.debug.xcconfig */;
			buildSettings = {
				ASSETCATALOG_COMPILER_APPICON_NAME = AppIcon;
				CODE_SIGN_STYLE = Automatic;
				DEVELOPMENT_ASSET_PATHS = "\"HackDavis2020-Pets/Preview Content\"";
				DEVELOPMENT_TEAM = BLHQ787DMR;
				ENABLE_PREVIEWS = YES;
				INFOPLIST_FILE = "HackDavis2020-Pets/Info.plist";
				LD_RUNPATH_SEARCH_PATHS = (
					"$(inherited)",
					"@executable_path/Frameworks",
				);
				PRODUCT_BUNDLE_IDENTIFIER = "iDEX.TotoroQ.HackDavis2020-Pets";
				PRODUCT_NAME = "$(TARGET_NAME)";
				SWIFT_VERSION = 5.0;
				TARGETED_DEVICE_FAMILY = "1,2";
			};
			name = Debug;
		};
		21ABB47223D3980F00BDAA45 /* Release */ = {
			isa = XCBuildConfiguration;
			baseConfigurationReference = ACF2590A77FF3D4202291C09 /* Pods-HackDavis2020-Pets.release.xcconfig */;
			buildSettings = {
				ASSETCATALOG_COMPILER_APPICON_NAME = AppIcon;
				CODE_SIGN_STYLE = Automatic;
				DEVELOPMENT_ASSET_PATHS = "\"HackDavis2020-Pets/Preview Content\"";
				DEVELOPMENT_TEAM = BLHQ787DMR;
				ENABLE_PREVIEWS = YES;
				INFOPLIST_FILE = "HackDavis2020-Pets/Info.plist";
				LD_RUNPATH_SEARCH_PATHS = (
					"$(inherited)",
					"@executable_path/Frameworks",
				);
				PRODUCT_BUNDLE_IDENTIFIER = "iDEX.TotoroQ.HackDavis2020-Pets";
				PRODUCT_NAME = "$(TARGET_NAME)";
				SWIFT_VERSION = 5.0;
				TARGETED_DEVICE_FAMILY = "1,2";
			};
			name = Release;
		};
/* End XCBuildConfiguration section */

/* Begin XCConfigurationList section */
		21ABB45423D3980B00BDAA45 /* Build configuration list for PBXProject "HackDavis2020-Pets" */ = {
			isa = XCConfigurationList;
			buildConfigurations = (
				21ABB46E23D3980F00BDAA45 /* Debug */,
				21ABB46F23D3980F00BDAA45 /* Release */,
			);
			defaultConfigurationIsVisible = 0;
			defaultConfigurationName = Release;
		};
		21ABB47023D3980F00BDAA45 /* Build configuration list for PBXNativeTarget "HackDavis2020-Pets" */ = {
			isa = XCConfigurationList;
			buildConfigurations = (
				21ABB47123D3980F00BDAA45 /* Debug */,
				21ABB47223D3980F00BDAA45 /* Release */,
			);
			defaultConfigurationIsVisible = 0;
			defaultConfigurationName = Release;
		};
/* End XCConfigurationList section */

/* Begin XCVersionGroup section */
		21ABB46023D3980B00BDAA45 /* HackDavis2020_Pets.xcdatamodeld */ = {
			isa = XCVersionGroup;
			children = (
				21ABB46123D3980B00BDAA45 /* HackDavis2020_Pets.xcdatamodel */,
			);
			currentVersion = 21ABB46123D3980B00BDAA45 /* HackDavis2020_Pets.xcdatamodel */;
			path = HackDavis2020_Pets.xcdatamodeld;
			sourceTree = "<group>";
			versionGroupType = wrapper.xcdatamodel;
		};
/* End XCVersionGroup section */
	};
	rootObject = 21ABB45123D3980B00BDAA45 /* Project object */;
}
